langcode: en
status: true
dependencies:
  content:
    - 'block_content:social_media:c7e25ccb-e5bd-40a9-bbe5-55aa9f069c49'
  module:
    - block_content
  theme:
    - d8ms_theme
id: linkedinblock
theme: d8ms_theme
region: footer
weight: -4
provider: null
plugin: 'block_content:c7e25ccb-e5bd-40a9-bbe5-55aa9f069c49'
settings:
  id: 'block_content:c7e25ccb-e5bd-40a9-bbe5-55aa9f069c49'
  label: 'Linkedin block'
  provider: block_content
  label_display: '0'
  status: true
  info: ''
  view_mode: full
visibility: {  }
