langcode: en
status: true
dependencies:
  content:
    - 'block_content:social_media:020e3119-a39f-4fb1-9c05-657e258c9cf2'
  module:
    - block_content
  theme:
    - d8ms_theme
id: facebookblock
theme: d8ms_theme
region: footer
weight: -5
provider: null
plugin: 'block_content:020e3119-a39f-4fb1-9c05-657e258c9cf2'
settings:
  id: 'block_content:020e3119-a39f-4fb1-9c05-657e258c9cf2'
  label: 'Facebook block'
  provider: block_content
  label_display: '0'
  status: true
  info: ''
  view_mode: full
visibility: {  }
